
Microsoft Visual Studio Solution File, Format Version 12.00
# Visual Studio 15
VisualStudioVersion = 15.0.28010.2046
MinimumVisualStudioVersion = 10.0.40219.1
Project("{2150E333-8FDC-42A3-9474-1A3956D46DE8}") = "Solution Items", "Solution Items", "{8FDEDB90-6D23-4DF1-9E8C-E220947B43AC}"
	ProjectSection(SolutionItems) = preProject
		LICENSE = LICENSE
	EndProjectSection
EndProject
Project("{FAE04EC0-301F-11D3-BF4B-00C04F79EFBC}") = "SpinTheImage", "SpinTheImage\SpinTheImage\SpinTheImage.csproj", "{5224EF35-E742-4953-A0C5-9406453DF7EF}"
EndProject
Project("{FAE04EC0-301F-11D3-BF4B-00C04F79EFBC}") = "MisaCommon", "MisaCommon\MisaCommon\MisaCommon.csproj", "{FFB01105-5F72-41DF-97A9-B8FD513F1CB2}"
EndProject
Global
	GlobalSection(SolutionConfigurationPlatforms) = preSolution
		Debug|Any CPU = Debug|Any CPU
		Debug|x64 = Debug|x64
		Debug|x86 = Debug|x86
		Release|Any CPU = Release|Any CPU
		Release|x64 = Release|x64
		Release|x86 = Release|x86
	EndGlobalSection
	GlobalSection(ProjectConfigurationPlatforms) = postSolution
		{5224EF35-E742-4953-A0C5-9406453DF7EF}.Debug|Any CPU.ActiveCfg = Debug|Any CPU
		{5224EF35-E742-4953-A0C5-9406453DF7EF}.Debug|Any CPU.Build.0 = Debug|Any CPU
		{5224EF35-E742-4953-A0C5-9406453DF7EF}.Debug|x64.ActiveCfg = Debug|x64
		{5224EF35-E742-4953-A0C5-9406453DF7EF}.Debug|x64.Build.0 = Debug|x64
		{5224EF35-E742-4953-A0C5-9406453DF7EF}.Debug|x86.ActiveCfg = Debug|x86
		{5224EF35-E742-4953-A0C5-9406453DF7EF}.Debug|x86.Build.0 = Debug|x86
		{5224EF35-E742-4953-A0C5-9406453DF7EF}.Release|Any CPU.ActiveCfg = Release|Any CPU
		{5224EF35-E742-4953-A0C5-9406453DF7EF}.Release|Any CPU.Build.0 = Release|Any CPU
		{5224EF35-E742-4953-A0C5-9406453DF7EF}.Release|x64.ActiveCfg = Release|x64
		{5224EF35-E742-4953-A0C5-9406453DF7EF}.Release|x64.Build.0 = Release|x64
		{5224EF35-E742-4953-A0C5-9406453DF7EF}.Release|x86.ActiveCfg = Release|x86
		{5224EF35-E742-4953-A0C5-9406453DF7EF}.Release|x86.Build.0 = Release|x86
		{FFB01105-5F72-41DF-97A9-B8FD513F1CB2}.Debug|Any CPU.ActiveCfg = Debug|Any CPU
		{FFB01105-5F72-41DF-97A9-B8FD513F1CB2}.Debug|Any CPU.Build.0 = Debug|Any CPU
		{FFB01105-5F72-41DF-97A9-B8FD513F1CB2}.Debug|x64.ActiveCfg = Debug|x64
		{FFB01105-5F72-41DF-97A9-B8FD513F1CB2}.Debug|x64.Build.0 = Debug|x64
		{FFB01105-5F72-41DF-97A9-B8FD513F1CB2}.Debug|x86.ActiveCfg = Debug|x86
		{FFB01105-5F72-41DF-97A9-B8FD513F1CB2}.Debug|x86.Build.0 = Debug|x86
		{FFB01105-5F72-41DF-97A9-B8FD513F1CB2}.Release|Any CPU.ActiveCfg = Release|Any CPU
		{FFB01105-5F72-41DF-97A9-B8FD513F1CB2}.Release|Any CPU.Build.0 = Release|Any CPU
		{FFB01105-5F72-41DF-97A9-B8FD513F1CB2}.Release|x64.ActiveCfg = Release|x64
		{FFB01105-5F72-41DF-97A9-B8FD513F1CB2}.Release|x64.Build.0 = Release|x64
		{FFB01105-5F72-41DF-97A9-B8FD513F1CB2}.Release|x86.ActiveCfg = Release|x86
		{FFB01105-5F72-41DF-97A9-B8FD513F1CB2}.Release|x86.Build.0 = Release|x86
	EndGlobalSection
	GlobalSection(SolutionProperties) = preSolution
		HideSolutionNode = FALSE
	EndGlobalSection
	GlobalSection(ExtensibilityGlobals) = postSolution
		SolutionGuid = {E486190C-F385-4E29-99B7-F76EB0544AE5}
	EndGlobalSection
EndGlobal
